{
  "name": "create-rails-app",
  "version": "0.6.1",
  "lockfileVersion": 3,
  "requires": true,
  "packages": {
    "": {
      "name": "create-rails-app",
      "version": "0.6.1",
      "hasInstallScript": true,
      "license": "MIT",
      "os": [
        "!win32"
      ],
      "bin": {
        "create-rails-app": "bin/create.sh"
      },
      "engines": {
        "node": ">=14.0.0",
        "npm": ">=6.0.0"
      }
    }
  }
}
